// !$*UTF8*$!
{
	archiveVersion = 1;
	classes = {
	};
	objectVersion = 46;
	objects = {

/* Begin PBXBuildFile section */
		5780500F1CBEFB7E00964D71 /* main.cpp in Sources */ = {isa = PBXBuildFile; fileRef = 5780500E1CBEFB7E00964D71 /* main.cpp */; };
/* End PBXBuildFile section */

/* Begin PBXCopyFilesBuildPhase section */
		578050091CBEFB7E00964D71 /* CopyFiles */ = {
			isa = PBXCopyFilesBuildPhase;
			buildActionMask = 2147483647;
			dstPath = /usr/share/man/man1/;
			dstSubfolderSpec = 0;
			files = (
			);
			runOnlyForDeploymentPostprocessing = 1;
		};
/* End PBXCopyFilesBuildPhase section */

/* Begin PBXFileReference section */
		5780500B1CBEFB7E00964D71 /* Tensorflow */ = {isa = PBXFileReference; explicitFileType = "compiled.mach-o.executable"; includeInIndex = 0; path = Tensorflow; sourceTree = BUILT_PRODUCTS_DIR; };
		5780500E1CBEFB7E00964D71 /* main.cpp */ = {isa = PBXFileReference; lastKnownFileType = sourcecode.cpp.cpp; path = main.cpp; sourceTree = "<group>"; };
/* End PBXFileReference section */

/* Begin PBXFrameworksBuildPhase section */
		578050081CBEFB7E00964D71 /* Frameworks */ = {
			isa = PBXFrameworksBuildPhase;
			buildActionMask = 2147483647;
			files = (
			);
			runOnlyForDeploymentPostprocessing = 0;
		};
/* End PBXFrameworksBuildPhase section */

/* Begin PBXGroup section */
		578050021CBEFB7E00964D71 = {
			isa = PBXGroup;
			children = (
				5780500D1CBEFB7E00964D71 /* Tensorflow */,
				5780500C1CBEFB7E00964D71 /* Products */,
			);
			sourceTree = "<group>";
		};
		5780500C1CBEFB7E00964D71 /* Products */ = {
			isa = PBXGroup;
			children = (
				5780500B1CBEFB7E00964D71 /* Tensorflow */,
			);
			name = Products;
			sourceTree = "<group>";
		};
		5780500D1CBEFB7E00964D71 /* Tensorflow */ = {
			isa = PBXGroup;
			children = (
				5780500E1CBEFB7E00964D71 /* main.cpp */,
			);
			path = Tensorflow;
			sourceTree = "<group>";
		};
/* End PBXGroup section */

/* Begin PBXNativeTarget section */
		5780500A1CBEFB7E00964D71 /* Tensorflow */ = {
			isa = PBXNativeTarget;
			buildConfigurationList = 578050121CBEFB7E00964D71 /* Build configuration list for PBXNativeTarget "Tensorflow" */;
			buildPhases = (
				578050071CBEFB7E00964D71 /* Sources */,
				578050081CBEFB7E00964D71 /* Frameworks */,
				578050091CBEFB7E00964D71 /* CopyFiles */,
			);
			buildRules = (
			);
			dependencies = (
			);
			name = Tensorflow;
			productName = Tensorflow;
			productReference = 5780500B1CBEFB7E00964D71 /* Tensorflow */;
			productType = "com.apple.product-type.tool";
		};
/* End PBXNativeTarget section */

/* Begin PBXProject section */
		578050031CBEFB7E00964D71 /* Project object */ = {
			isa = PBXProject;
			attributes = {
				LastUpgradeCheck = 0620;
				ORGANIZATIONNAME = "Stephen O'Sullivan";
				TargetAttributes = {
					5780500A1CBEFB7E00964D71 = {
						CreatedOnToolsVersion = 6.2;
					};
				};
			};
			buildConfigurationList = 578050061CBEFB7E00964D71 /* Build configuration list for PBXProject "Tensorflow" */;
			compatibilityVersion = "Xcode 3.2";
			developmentRegion = English;
			hasScannedForEncodings = 0;
			knownRegions = (
				en,
			);
			mainGroup = 578050021CBEFB7E00964D71;
			productRefGroup = 5780500C1CBEFB7E00964D71 /* Products */;
			projectDirPath = "";
			projectRoot = "";
			targets = (
				5780500A1CBEFB7E00964D71 /* Tensorflow */,
			);
		};
/* End PBXProject section */

/* Begin PBXSourcesBuildPhase section */
		578050071CBEFB7E00964D71 /* Sources */ = {
			isa = PBXSourcesBuildPhase;
			buildActionMask = 2147483647;
			files = (
				5780500F1CBEFB7E00964D71 /* main.cpp in Sources */,
			);
			runOnlyForDeploymentPostprocessing = 0;
		};
/* End PBXSourcesBuildPhase section */

/* Begin XCBuildConfiguration section */
		578050101CBEFB7E00964D71 /* Debug */ = {
			isa = XCBuildConfiguration;
			buildSettings = {
				ALWAYS_SEARCH_USER_PATHS = NO;
				CLANG_CXX_LANGUAGE_STANDARD = "gnu++0x";
				CLANG_CXX_LIBRARY = "libc++";
				CLANG_ENABLE_MODULES = YES;
				CLANG_ENABLE_OBJC_ARC = YES;
				CLANG_WARN_BOOL_CONVERSION = YES;
				CLANG_WARN_CONSTANT_CONVERSION = YES;
				CLANG_WARN_DIRECT_OBJC_ISA_USAGE = YES_ERROR;
				CLANG_WARN_EMPTY_BODY = YES;
				CLANG_WARN_ENUM_CONVERSION = YES;
				CLANG_WARN_INT_CONVERSION = YES;
				CLANG_WARN_OBJC_ROOT_CLASS = YES_ERROR;
				CLANG_WARN_UNREACHABLE_CODE = YES;
				CLANG_WARN__DUPLICATE_METHOD_MATCH = YES;
				COPY_PHASE_STRIP = NO;
				ENABLE_STRICT_OBJC_MSGSEND = YES;
				GCC_C_LANGUAGE_STANDARD = gnu99;
				GCC_DYNAMIC_NO_PIC = NO;
				GCC_OPTIMIZATION_LEVEL = 0;
				GCC_PREPROCESSOR_DEFINITIONS = (
					"DEBUG=1",
					"$(inherited)",
				);
				GCC_SYMBOLS_PRIVATE_EXTERN = NO;
				GCC_WARN_64_TO_32_BIT_CONVERSION = YES;
				GCC_WARN_ABOUT_RETURN_TYPE = YES_ERROR;
				GCC_WARN_UNDECLARED_SELECTOR = YES;
				GCC_WARN_UNINITIALIZED_AUTOS = YES_AGGRESSIVE;
				GCC_WARN_UNUSED_FUNCTION = YES;
				GCC_WARN_UNUSED_VARIABLE = YES;
				MACOSX_DEPLOYMENT_TARGET = 10.9;
				MTL_ENABLE_DEBUG_INFO = YES;
				ONLY_ACTIVE_ARCH = YES;
				SDKROOT = macosx;
			};
			name = Debug;
		};
		578050111CBEFB7E00964D71 /* Release */ = {
			isa = XCBuildConfiguration;
			buildSettings = {
				ALWAYS_SEARCH_USER_PATHS = NO;
				CLANG_CXX_LANGUAGE_STANDARD = "gnu++0x";
				CLANG_CXX_LIBRARY = "libc++";
				CLANG_ENABLE_MODULES = YES;
				CLANG_ENABLE_OBJC_ARC = YES;
				CLANG_WARN_BOOL_CONVERSION = YES;
				CLANG_WARN_CONSTANT_CONVERSION = YES;
				CLANG_WARN_DIRECT_OBJC_ISA_USAGE = YES_ERROR;
				CLANG_WARN_EMPTY_BODY = YES;
				CLANG_WARN_ENUM_CONVERSION = YES;
				CLANG_WARN_INT_CONVERSION = YES;
				CLANG_WARN_OBJC_ROOT_CLASS = YES_ERROR;
				CLANG_WARN_UNREACHABLE_CODE = YES;
				CLANG_WARN__DUPLICATE_METHOD_MATCH = YES;
				COPY_PHASE_STRIP = NO;
				DEBUG_INFORMATION_FORMAT = "dwarf-with-dsym";
				ENABLE_NS_ASSERTIONS = NO;
				ENABLE_STRICT_OBJC_MSGSEND = YES;
				GCC_C_LANGUAGE_STANDARD = gnu99;
				GCC_WARN_64_TO_32_BIT_CONVERSION = YES;
				GCC_WARN_ABOUT_RETURN_TYPE = YES_ERROR;
				GCC_WARN_UNDECLARED_SELECTOR = YES;
				GCC_WARN_UNINITIALIZED_AUTOS = YES_AGGRESSIVE;
				GCC_WARN_UNUSED_FUNCTION = YES;
				GCC_WARN_UNUSED_VARIABLE = YES;
				MACOSX_DEPLOYMENT_TARGET = 10.9;
				MTL_ENABLE_DEBUG_INFO = NO;
				SDKROOT = macosx;
			};
			name = Release;
		};
		578050131CBEFB7E00964D71 /* Debug */ = {
			isa = XCBuildConfiguration;
			buildSettings = {
				PRODUCT_NAME = "$(TARGET_NAME)";
			};
			name = Debug;
		};
		578050141CBEFB7E00964D71 /* Release */ = {
			isa = XCBuildConfiguration;
			buildSettings = {
				PRODUCT_NAME = "$(TARGET_NAME)";
			};
			name = Release;
		};
/* End XCBuildConfiguration section */

/* Begin XCConfigurationList section */
		578050061CBEFB7E00964D71 /* Build configuration list for PBXProject "Tensorflow" */ = {
			isa = XCConfigurationList;
			buildConfigurations = (
				578050101CBEFB7E00964D71 /* Debug */,
				578050111CBEFB7E00964D71 /* Release */,
			);
			defaultConfigurationIsVisible = 0;
			defaultConfigurationName = Release;
		};
		578050121CBEFB7E00964D71 /* Build configuration list for PBXNativeTarget "Tensorflow" */ = {
			isa = XCConfigurationList;
			buildConfigurations = (
				578050131CBEFB7E00964D71 /* Debug */,
				578050141CBEFB7E00964D71 /* Release */,
			);
			defaultConfigurationIsVisible = 0;
		};
/* End XCConfigurationList section */
	};
	rootObject = 578050031CBEFB7E00964D71 /* Project object */;
}
